
Microsoft Visual Studio Solution File, Format Version 12.00
# Visual Studio Version 16
VisualStudioVersion = 16.0.32002.261
MinimumVisualStudioVersion = 10.0.40219.1
Project("{FAE04EC0-301F-11D3-BF4B-00C04F79EFBC}") = "InternProject1", "InternProject1\InternProject1.csproj", "{29AD6C1C-5FDD-469A-9715-560ED1957CCE}"
EndProject
Global
	GlobalSection(SolutionConfigurationPlatforms) = preSolution
		Debug|Any CPU = Debug|Any CPU
		Release|Any CPU = Release|Any CPU
	EndGlobalSection
	GlobalSection(ProjectConfigurationPlatforms) = postSolution
		{29AD6C1C-5FDD-469A-9715-560ED1957CCE}.Debug|Any CPU.ActiveCfg = Debug|Any CPU
		{29AD6C1C-5FDD-469A-9715-560ED1957CCE}.Debug|Any CPU.Build.0 = Debug|Any CPU
		{29AD6C1C-5FDD-469A-9715-560ED1957CCE}.Release|Any CPU.ActiveCfg = Release|Any CPU
		{29AD6C1C-5FDD-469A-9715-560ED1957CCE}.Release|Any CPU.Build.0 = Release|Any CPU
	EndGlobalSection
	GlobalSection(SolutionProperties) = preSolution
		HideSolutionNode = FALSE
	EndGlobalSection
	GlobalSection(ExtensibilityGlobals) = postSolution
		SolutionGuid = {0A339391-1BCB-46B6-8451-FA3FEFB72964}
	EndGlobalSection
EndGlobal
